// !$*UTF8*$!
{
	archiveVersion = 1;
	classes = {
	};
	objectVersion = 50;
	objects = {

/* Begin PBXBuildFile section */
		02715FB226C3C25A00409744 /* AppDelegate.swift in Sources */ = {isa = PBXBuildFile; fileRef = 02715FB126C3C25A00409744 /* AppDelegate.swift */; };
		02715FB426C3C25A00409744 /* SceneDelegate.swift in Sources */ = {isa = PBXBuildFile; fileRef = 02715FB326C3C25A00409744 /* SceneDelegate.swift */; };
		02715FB626C3C25A00409744 /* ViewController.swift in Sources */ = {isa = PBXBuildFile; fileRef = 02715FB526C3C25A00409744 /* ViewController.swift */; };
		02715FB926C3C25A00409744 /* Main.storyboard in Resources */ = {isa = PBXBuildFile; fileRef = 02715FB726C3C25A00409744 /* Main.storyboard */; };
		02715FBB26C3C26100409744 /* Assets.xcassets in Resources */ = {isa = PBXBuildFile; fileRef = 02715FBA26C3C26100409744 /* Assets.xcassets */; };
		02715FBE26C3C26100409744 /* LaunchScreen.storyboard in Resources */ = {isa = PBXBuildFile; fileRef = 02715FBC26C3C26100409744 /* LaunchScreen.storyboard */; };
		02F26EC626D8F34C0046FFF7 /* ViewControllerButtons.swift in Sources */ = {isa = PBXBuildFile; fileRef = 02F26EC526D8F34C0046FFF7 /* ViewControllerButtons.swift */; };
/* End PBXBuildFile section */

/* Begin PBXFileReference section */
		02715FAE26C3C25A00409744 /* IDFA_Apple_sign.app */ = {isa = PBXFileReference; explicitFileType = wrapper.application; includeInIndex = 0; path = IDFA_Apple_sign.app; sourceTree = BUILT_PRODUCTS_DIR; };
		02715FB126C3C25A00409744 /* AppDelegate.swift */ = {isa = PBXFileReference; lastKnownFileType = sourcecode.swift; path = AppDelegate.swift; sourceTree = "<group>"; };
		02715FB326C3C25A00409744 /* SceneDelegate.swift */ = {isa = PBXFileReference; lastKnownFileType = sourcecode.swift; path = SceneDelegate.swift; sourceTree = "<group>"; };
		02715FB526C3C25A00409744 /* ViewController.swift */ = {isa = PBXFileReference; lastKnownFileType = sourcecode.swift; path = ViewController.swift; sourceTree = "<group>"; };
		02715FB826C3C25A00409744 /* Base */ = {isa = PBXFileReference; lastKnownFileType = file.storyboard; name = Base; path = Base.lproj/Main.storyboard; sourceTree = "<group>"; };
		02715FBA26C3C26100409744 /* Assets.xcassets */ = {isa = PBXFileReference; lastKnownFileType = folder.assetcatalog; path = Assets.xcassets; sourceTree = "<group>"; };
		02715FBD26C3C26100409744 /* Base */ = {isa = PBXFileReference; lastKnownFileType = file.storyboard; name = Base; path = Base.lproj/LaunchScreen.storyboard; sourceTree = "<group>"; };
		02715FBF26C3C26100409744 /* Info.plist */ = {isa = PBXFileReference; lastKnownFileType = text.plist.xml; path = Info.plist; sourceTree = "<group>"; };
		027F56BA26D6351600B2ED3E /* IDFA_Apple_sign.entitlements */ = {isa = PBXFileReference; lastKnownFileType = text.plist.entitlements; path = IDFA_Apple_sign.entitlements; sourceTree = "<group>"; };
		02F26EC526D8F34C0046FFF7 /* ViewControllerButtons.swift */ = {isa = PBXFileReference; lastKnownFileType = sourcecode.swift; path = ViewControllerButtons.swift; sourceTree = "<group>"; };
/* End PBXFileReference section */

/* Begin PBXFrameworksBuildPhase section */
		02715FAB26C3C25A00409744 /* Frameworks */ = {
			isa = PBXFrameworksBuildPhase;
			buildActionMask = 2147483647;
			files = (
			);
			runOnlyForDeploymentPostprocessing = 0;
		};
/* End PBXFrameworksBuildPhase section */

/* Begin PBXGroup section */
		02715FA526C3C25A00409744 = {
			isa = PBXGroup;
			children = (
				02715FB026C3C25A00409744 /* IDFA_Apple_sign */,
				02715FAF26C3C25A00409744 /* Products */,
			);
			sourceTree = "<group>";
		};
		02715FAF26C3C25A00409744 /* Products */ = {
			isa = PBXGroup;
			children = (
				02715FAE26C3C25A00409744 /* IDFA_Apple_sign.app */,
			);
			name = Products;
			sourceTree = "<group>";
		};
		02715FB026C3C25A00409744 /* IDFA_Apple_sign */ = {
			isa = PBXGroup;
			children = (
				027F56BA26D6351600B2ED3E /* IDFA_Apple_sign.entitlements */,
				02715FB126C3C25A00409744 /* AppDelegate.swift */,
				02715FB326C3C25A00409744 /* SceneDelegate.swift */,
				02715FB526C3C25A00409744 /* ViewController.swift */,
				02F26EC526D8F34C0046FFF7 /* ViewControllerButtons.swift */,
				02715FB726C3C25A00409744 /* Main.storyboard */,
				02715FBA26C3C26100409744 /* Assets.xcassets */,
				02715FBC26C3C26100409744 /* LaunchScreen.storyboard */,
				02715FBF26C3C26100409744 /* Info.plist */,
			);
			path = IDFA_Apple_sign;
			sourceTree = "<group>";
		};
/* End PBXGroup section */

/* Begin PBXNativeTarget section */
		02715FAD26C3C25A00409744 /* IDFA_Apple_sign */ = {
			isa = PBXNativeTarget;
			buildConfigurationList = 02715FC226C3C26100409744 /* Build configuration list for PBXNativeTarget "IDFA_Apple_sign" */;
			buildPhases = (
				02715FAA26C3C25A00409744 /* Sources */,
				02715FAB26C3C25A00409744 /* Frameworks */,
				02715FAC26C3C25A00409744 /* Resources */,
			);
			buildRules = (
			);
			dependencies = (
			);
			name = IDFA_Apple_sign;
			productName = IDFA_Apple_sign;
			productReference = 02715FAE26C3C25A00409744 /* IDFA_Apple_sign.app */;
			productType = "com.apple.product-type.application";
		};
/* End PBXNativeTarget section */

/* Begin PBXProject section */
		02715FA626C3C25A00409744 /* Project object */ = {
			isa = PBXProject;
			attributes = {
				LastSwiftUpdateCheck = 1230;
				LastUpgradeCheck = 1230;
				TargetAttributes = {
					02715FAD26C3C25A00409744 = {
						CreatedOnToolsVersion = 12.3;
					};
				};
			};
			buildConfigurationList = 02715FA926C3C25A00409744 /* Build configuration list for PBXProject "IDFA_Apple_sign" */;
			compatibilityVersion = "Xcode 9.3";
			developmentRegion = en;
			hasScannedForEncodings = 0;
			knownRegions = (
				en,
				Base,
			);
			mainGroup = 02715FA526C3C25A00409744;
			productRefGroup = 02715FAF26C3C25A00409744 /* Products */;
			projectDirPath = "";
			projectRoot = "";
			targets = (
				02715FAD26C3C25A00409744 /* IDFA_Apple_sign */,
			);
		};
/* End PBXProject section */

/* Begin PBXResourcesBuildPhase section */
		02715FAC26C3C25A00409744 /* Resources */ = {
			isa = PBXResourcesBuildPhase;
			buildActionMask = 2147483647;
			files = (
				02715FBE26C3C26100409744 /* LaunchScreen.storyboard in Resources */,
				02715FBB26C3C26100409744 /* Assets.xcassets in Resources */,
				02715FB926C3C25A00409744 /* Main.storyboard in Resources */,
			);
			runOnlyForDeploymentPostprocessing = 0;
		};
/* End PBXResourcesBuildPhase section */

/* Begin PBXSourcesBuildPhase section */
		02715FAA26C3C25A00409744 /* Sources */ = {
			isa = PBXSourcesBuildPhase;
			buildActionMask = 2147483647;
			files = (
				02F26EC626D8F34C0046FFF7 /* ViewControllerButtons.swift in Sources */,
				02715FB626C3C25A00409744 /* ViewController.swift in Sources */,
				02715FB226C3C25A00409744 /* AppDelegate.swift in Sources */,
				02715FB426C3C25A00409744 /* SceneDelegate.swift in Sources */,
			);
			runOnlyForDeploymentPostprocessing = 0;
		};
/* End PBXSourcesBuildPhase section */

/* Begin PBXVariantGroup section */
		02715FB726C3C25A00409744 /* Main.storyboard */ = {
			isa = PBXVariantGroup;
			children = (
				02715FB826C3C25A00409744 /* Base */,
			);
			name = Main.storyboard;
			sourceTree = "<group>";
		};
		02715FBC26C3C26100409744 /* LaunchScreen.storyboard */ = {
			isa = PBXVariantGroup;
			children = (
				02715FBD26C3C26100409744 /* Base */,
			);
			name = LaunchScreen.storyboard;
			sourceTree = "<group>";
		};
/* End PBXVariantGroup section */

/* Begin XCBuildConfiguration section */
		02715FC026C3C26100409744 /* Debug */ = {
			isa = XCBuildConfiguration;
			buildSettings = {
				ALWAYS_SEARCH_USER_PATHS = NO;
				CLANG_ANALYZER_NONNULL = YES;
				CLANG_ANALYZER_NUMBER_OBJECT_CONVERSION = YES_AGGRESSIVE;
				CLANG_CXX_LANGUAGE_STANDARD = "gnu++14";
				CLANG_CXX_LIBRARY = "libc++";
				CLANG_ENABLE_MODULES = YES;
				CLANG_ENABLE_OBJC_ARC = YES;
				CLANG_ENABLE_OBJC_WEAK = YES;
				CLANG_WARN_BLOCK_CAPTURE_AUTORELEASING = YES;
				CLANG_WARN_BOOL_CONVERSION = YES;
				CLANG_WARN_COMMA = YES;
				CLANG_WARN_CONSTANT_CONVERSION = YES;
				CLANG_WARN_DEPRECATED_OBJC_IMPLEMENTATIONS = YES;
				CLANG_WARN_DIRECT_OBJC_ISA_USAGE = YES_ERROR;
				CLANG_WARN_DOCUMENTATION_COMMENTS = YES;
				CLANG_WARN_EMPTY_BODY = YES;
				CLANG_WARN_ENUM_CONVERSION = YES;
				CLANG_WARN_INFINITE_RECURSION = YES;
				CLANG_WARN_INT_CONVERSION = YES;
				CLANG_WARN_NON_LITERAL_NULL_CONVERSION = YES;
				CLANG_WARN_OBJC_IMPLICIT_RETAIN_SELF = YES;
				CLANG_WARN_OBJC_LITERAL_CONVERSION = YES;
				CLANG_WARN_OBJC_ROOT_CLASS = YES_ERROR;
				CLANG_WARN_QUOTED_INCLUDE_IN_FRAMEWORK_HEADER = YES;
				CLANG_WARN_RANGE_LOOP_ANALYSIS = YES;
				CLANG_WARN_STRICT_PROTOTYPES = YES;
				CLANG_WARN_SUSPICIOUS_MOVE = YES;
				CLANG_WARN_UNGUARDED_AVAILABILITY = YES_AGGRESSIVE;
				CLANG_WARN_UNREACHABLE_CODE = YES;
				CLANG_WARN__DUPLICATE_METHOD_MATCH = YES;
				COPY_PHASE_STRIP = NO;
				DEBUG_INFORMATION_FORMAT = dwarf;
				ENABLE_STRICT_OBJC_MSGSEND = YES;
				ENABLE_TESTABILITY = YES;
				GCC_C_LANGUAGE_STANDARD = gnu11;
				GCC_DYNAMIC_NO_PIC = NO;
				GCC_NO_COMMON_BLOCKS = YES;
				GCC_OPTIMIZATION_LEVEL = 0;
				GCC_PREPROCESSOR_DEFINITIONS = (
					"DEBUG=1",
					"$(inherited)",
				);
				GCC_WARN_64_TO_32_BIT_CONVERSION = YES;
				GCC_WARN_ABOUT_RETURN_TYPE = YES_ERROR;
				GCC_WARN_UNDECLARED_SELECTOR = YES;
				GCC_WARN_UNINITIALIZED_AUTOS = YES_AGGRESSIVE;
				GCC_WARN_UNUSED_FUNCTION = YES;
				GCC_WARN_UNUSED_VARIABLE = YES;
				IPHONEOS_DEPLOYMENT_TARGET = 14.3;
				MTL_ENABLE_DEBUG_INFO = INCLUDE_SOURCE;
				MTL_FAST_MATH = YES;
				ONLY_ACTIVE_ARCH = YES;
				SDKROOT = iphoneos;
				SWIFT_ACTIVE_COMPILATION_CONDITIONS = DEBUG;
				SWIFT_OPTIMIZATION_LEVEL = "-Onone";
			};
			name = Debug;
		};
		02715FC126C3C26100409744 /* Release */ = {
			isa = XCBuildConfiguration;
			buildSettings = {
				ALWAYS_SEARCH_USER_PATHS = NO;
				CLANG_ANALYZER_NONNULL = YES;
				CLANG_ANALYZER_NUMBER_OBJECT_CONVERSION = YES_AGGRESSIVE;
				CLANG_CXX_LANGUAGE_STANDARD = "gnu++14";
				CLANG_CXX_LIBRARY = "libc++";
				CLANG_ENABLE_MODULES = YES;
				CLANG_ENABLE_OBJC_ARC = YES;
				CLANG_ENABLE_OBJC_WEAK = YES;
				CLANG_WARN_BLOCK_CAPTURE_AUTORELEASING = YES;
				CLANG_WARN_BOOL_CONVERSION = YES;
				CLANG_WARN_COMMA = YES;
				CLANG_WARN_CONSTANT_CONVERSION = YES;
				CLANG_WARN_DEPRECATED_OBJC_IMPLEMENTATIONS = YES;
				CLANG_WARN_DIRECT_OBJC_ISA_USAGE = YES_ERROR;
				CLANG_WARN_DOCUMENTATION_COMMENTS = YES;
				CLANG_WARN_EMPTY_BODY = YES;
				CLANG_WARN_ENUM_CONVERSION = YES;
				CLANG_WARN_INFINITE_RECURSION = YES;
				CLANG_WARN_INT_CONVERSION = YES;
				CLANG_WARN_NON_LITERAL_NULL_CONVERSION = YES;
				CLANG_WARN_OBJC_IMPLICIT_RETAIN_SELF = YES;
				CLANG_WARN_OBJC_LITERAL_CONVERSION = YES;
				CLANG_WARN_OBJC_ROOT_CLASS = YES_ERROR;
				CLANG_WARN_QUOTED_INCLUDE_IN_FRAMEWORK_HEADER = YES;
				CLANG_WARN_RANGE_LOOP_ANALYSIS = YES;
				CLANG_WARN_STRICT_PROTOTYPES = YES;
				CLANG_WARN_SUSPICIOUS_MOVE = YES;
				CLANG_WARN_UNGUARDED_AVAILABILITY = YES_AGGRESSIVE;
				CLANG_WARN_UNREACHABLE_CODE = YES;
				CLANG_WARN__DUPLICATE_METHOD_MATCH = YES;
				COPY_PHASE_STRIP = NO;
				DEBUG_INFORMATION_FORMAT = "dwarf-with-dsym";
				ENABLE_NS_ASSERTIONS = NO;
				ENABLE_STRICT_OBJC_MSGSEND = YES;
				GCC_C_LANGUAGE_STANDARD = gnu11;
				GCC_NO_COMMON_BLOCKS = YES;
				GCC_WARN_64_TO_32_BIT_CONVERSION = YES;
				GCC_WARN_ABOUT_RETURN_TYPE = YES_ERROR;
				GCC_WARN_UNDECLARED_SELECTOR = YES;
				GCC_WARN_UNINITIALIZED_AUTOS = YES_AGGRESSIVE;
				GCC_WARN_UNUSED_FUNCTION = YES;
				GCC_WARN_UNUSED_VARIABLE = YES;
				IPHONEOS_DEPLOYMENT_TARGET = 14.3;
				MTL_ENABLE_DEBUG_INFO = NO;
				MTL_FAST_MATH = YES;
				SDKROOT = iphoneos;
				SWIFT_COMPILATION_MODE = wholemodule;
				SWIFT_OPTIMIZATION_LEVEL = "-O";
				VALIDATE_PRODUCT = YES;
			};
			name = Release;
		};
		02715FC326C3C26100409744 /* Debug */ = {
			isa = XCBuildConfiguration;
			buildSettings = {
				ASSETCATALOG_COMPILER_APPICON_NAME = AppIcon;
				ASSETCATALOG_COMPILER_GLOBAL_ACCENT_COLOR_NAME = AccentColor;
				CODE_SIGN_ENTITLEMENTS = IDFA_Apple_sign/IDFA_Apple_sign.entitlements;
				CODE_SIGN_STYLE = Automatic;
				DEVELOPMENT_TEAM = VA6Q46G75B;
				INFOPLIST_FILE = IDFA_Apple_sign/Info.plist;
				LD_RUNPATH_SEARCH_PATHS = (
					"$(inherited)",
					"@executable_path/Frameworks",
				);
				PRODUCT_BUNDLE_IDENTIFIER = "com.gmail.molder.IDFA-Apple-sign";
				PRODUCT_NAME = "$(TARGET_NAME)";
				SWIFT_VERSION = 5.0;
				TARGETED_DEVICE_FAMILY = "1,2";
			};
			name = Debug;
		};
		02715FC426C3C26100409744 /* Release */ = {
			isa = XCBuildConfiguration;
			buildSettings = {
				ASSETCATALOG_COMPILER_APPICON_NAME = AppIcon;
				ASSETCATALOG_COMPILER_GLOBAL_ACCENT_COLOR_NAME = AccentColor;
				CODE_SIGN_ENTITLEMENTS = IDFA_Apple_sign/IDFA_Apple_sign.entitlements;
				CODE_SIGN_STYLE = Automatic;
				DEVELOPMENT_TEAM = VA6Q46G75B;
				INFOPLIST_FILE = IDFA_Apple_sign/Info.plist;
				LD_RUNPATH_SEARCH_PATHS = (
					"$(inherited)",
					"@executable_path/Frameworks",
				);
				PRODUCT_BUNDLE_IDENTIFIER = "com.gmail.molder.IDFA-Apple-sign";
				PRODUCT_NAME = "$(TARGET_NAME)";
				SWIFT_VERSION = 5.0;
				TARGETED_DEVICE_FAMILY = "1,2";
			};
			name = Release;
		};
/* End XCBuildConfiguration section */

/* Begin XCConfigurationList section */
		02715FA926C3C25A00409744 /* Build configuration list for PBXProject "IDFA_Apple_sign" */ = {
			isa = XCConfigurationList;
			buildConfigurations = (
				02715FC026C3C26100409744 /* Debug */,
				02715FC126C3C26100409744 /* Release */,
			);
			defaultConfigurationIsVisible = 0;
			defaultConfigurationName = Release;
		};
		02715FC226C3C26100409744 /* Build configuration list for PBXNativeTarget "IDFA_Apple_sign" */ = {
			isa = XCConfigurationList;
			buildConfigurations = (
				02715FC326C3C26100409744 /* Debug */,
				02715FC426C3C26100409744 /* Release */,
			);
			defaultConfigurationIsVisible = 0;
			defaultConfigurationName = Release;
		};
/* End XCConfigurationList section */
	};
	rootObject = 02715FA626C3C25A00409744 /* Project object */;
}
